lockfileVersion: '9.0'

settings:
  autoInstallPeers: true
  excludeLinksFromLockfile: false

importers:

  .:
    devDependencies:
      '@budarin/pluggable-serviceworker':
        specifier: ^1.17.2
        version: 1.17.2
      '@types/node':
        specifier: ^25.3.3
        version: 25.3.3
      '@types/serviceworker':
        specifier: ^0.0.193
        version: 0.0.193
      '@types/web':
        specifier: ^0.0.339
        version: 0.0.339
      prettier:
        specifier: ^3.8.1
        version: 3.8.1
      typescript:
        specifier: ^5.9.3
        version: 5.9.3

packages:

  '@budarin/http-constants@1.0.22':
    resolution: {integrity: sha512-XZu3JmErHaTTwDPnsGikjwzZ/NHS3DWQNcxmRemhY1jJTr9Va5Arnk4mbE6lVAg1bir1AYyO1zygzQTjiSEtZw==}

  '@budarin/pluggable-serviceworker@1.17.2':
    resolution: {integrity: sha512-C/BHedbsXXBnpk9dp/qVKtXQv2Ewfuwputogeyn2QLYcejUQSMRnhXtglpFy3/t3TAp+s3w0LSQsWXgcsPhDyg==}

  '@types/node@25.3.3':
    resolution: {integrity: sha512-DpzbrH7wIcBaJibpKo9nnSQL0MTRdnWttGyE5haGwK86xgMOkFLp7vEyfQPGLOJh5wNYiJ3V9PmUMDhV9u8kkQ==}

  '@types/serviceworker@0.0.193':
    resolution: {integrity: sha512-3nZH1ahex0tTmAuCRF/zJWsxq730GW9xItPm5U4EtZYF0MdqKEdyypgOteJnikWZ8QGPGetEkooSD4z7nQblRw==}

  '@types/web@0.0.339':
    resolution: {integrity: sha512-bckDV6OqUF2vnpXMAR7Qo9Wc6gAiGGqupU0RiHo7GVvgZcGdpTf5T3MIB4s83hxNp83VNCgRh2L4OuhL0zxMFw==}

  prettier@3.8.1:
    resolution: {integrity: sha512-UOnG6LftzbdaHZcKoPFtOcCKztrQ57WkHDeRD9t/PTQtmT0NHSeWWepj6pS0z/N7+08BHFDQVUrfmfMRcZwbMg==}
    engines: {node: '>=14'}
    hasBin: true

  typescript@5.9.3:
    resolution: {integrity: sha512-jl1vZzPDinLr9eUt3J/t7V6FgNEw9QjvBPdysz9KfQDD41fQrC2Y4vKQdiaUpFT4bXlb1RHhLpp8wtm6M5TgSw==}
    engines: {node: '>=14.17'}
    hasBin: true

  undici-types@7.18.2:
    resolution: {integrity: sha512-AsuCzffGHJybSaRrmr5eHr81mwJU3kjw6M+uprWvCXiNeN9SOGwQ3Jn8jb8m3Z6izVgknn1R0FTCEAP2QrLY/w==}

snapshots:

  '@budarin/http-constants@1.0.22': {}

  '@budarin/pluggable-serviceworker@1.17.2':
    dependencies:
      '@budarin/http-constants': 1.0.22

  '@types/node@25.3.3':
    dependencies:
      undici-types: 7.18.2

  '@types/serviceworker@0.0.193': {}

  '@types/web@0.0.339': {}

  prettier@3.8.1: {}

  typescript@5.9.3: {}

  undici-types@7.18.2: {}
