lockfileVersion: '9.0'

settings:
  autoInstallPeers: true
  excludeLinksFromLockfile: false

importers:

  .:
    devDependencies:
      '@budarin/pluggable-serviceworker':
        specifier: ^1.16.0
        version: 1.16.0
      '@types/node':
        specifier: ^25.3.2
        version: 25.3.2
      '@types/serviceworker':
        specifier: ^0.0.192
        version: 0.0.192
      '@types/web':
        specifier: ^0.0.338
        version: 0.0.338
      prettier:
        specifier: ^3.8.1
        version: 3.8.1
      typescript:
        specifier: ^5.9.3
        version: 5.9.3

packages:

  '@budarin/http-constants@1.0.22':
    resolution: {integrity: sha512-XZu3JmErHaTTwDPnsGikjwzZ/NHS3DWQNcxmRemhY1jJTr9Va5Arnk4mbE6lVAg1bir1AYyO1zygzQTjiSEtZw==}

  '@budarin/pluggable-serviceworker@1.16.0':
    resolution: {integrity: sha512-WFCDpPd3eO2R3QjlGDJC2WG8ImuP28yMPVQ4G2oFNBHoGEqjcf78hGsk7bKgcqa1zRMKyN/YyT07y8O5xqQ7ZA==}

  '@types/node@25.3.2':
    resolution: {integrity: sha512-RpV6r/ij22zRRdyBPcxDeKAzH43phWVKEjL2iksqo1Vz3CuBUrgmPpPhALKiRfU7OMCmeeO9vECBMsV0hMTG8Q==}

  '@types/serviceworker@0.0.192':
    resolution: {integrity: sha512-v9ve7JDYs3JnWow0OcSEtodcxlArlmOGFxb7nPMMRzQd8wEBueKA8wIvzQj8OQWeMd75DuqB2RCLoKxZByEbhw==}

  '@types/web@0.0.338':
    resolution: {integrity: sha512-zek7Yu+9x/lfD40oA4Biw7GZuV7yIcvNAlhxGh+40NLO13G7rC2qeNqegcSthV6wq3L2z+8+ERj3GXgjoU1MvA==}

  prettier@3.8.1:
    resolution: {integrity: sha512-UOnG6LftzbdaHZcKoPFtOcCKztrQ57WkHDeRD9t/PTQtmT0NHSeWWepj6pS0z/N7+08BHFDQVUrfmfMRcZwbMg==}
    engines: {node: '>=14'}
    hasBin: true

  typescript@5.9.3:
    resolution: {integrity: sha512-jl1vZzPDinLr9eUt3J/t7V6FgNEw9QjvBPdysz9KfQDD41fQrC2Y4vKQdiaUpFT4bXlb1RHhLpp8wtm6M5TgSw==}
    engines: {node: '>=14.17'}
    hasBin: true

  undici-types@7.18.2:
    resolution: {integrity: sha512-AsuCzffGHJybSaRrmr5eHr81mwJU3kjw6M+uprWvCXiNeN9SOGwQ3Jn8jb8m3Z6izVgknn1R0FTCEAP2QrLY/w==}

snapshots:

  '@budarin/http-constants@1.0.22': {}

  '@budarin/pluggable-serviceworker@1.16.0':
    dependencies:
      '@budarin/http-constants': 1.0.22

  '@types/node@25.3.2':
    dependencies:
      undici-types: 7.18.2

  '@types/serviceworker@0.0.192': {}

  '@types/web@0.0.338': {}

  prettier@3.8.1: {}

  typescript@5.9.3: {}

  undici-types@7.18.2: {}
